
Microsoft Visual Studio Solution File, Format Version 12.00
# Visual Studio Version 17
VisualStudioVersion = 17.1.32414.318
MinimumVisualStudioVersion = 10.0.40219.1
Project("{8BC9CEB8-8B4A-11D0-8D11-00A0C91BC942}") = "ex2", "ex2\ex2.vcxproj", "{8AFCF331-C3E1-406C-BF21-4B6B590EBC32}"
EndProject
Project("{8BC9CEB8-8B4A-11D0-8D11-00A0C91BC942}") = "Client", "Client\Client.vcxproj", "{1E1C08E5-AC32-4DC0-A74E-ECB5EB997642}"
EndProject
Project("{8BC9CEB8-8B4A-11D0-8D11-00A0C91BC942}") = "Server", "Server\Server.vcxproj", "{34F10C64-2CBE-42F8-9A0F-1C27DEA1A61E}"
EndProject
Global
	GlobalSection(SolutionConfigurationPlatforms) = preSolution
		Debug|x64 = Debug|x64
		Debug|x86 = Debug|x86
		Release|x64 = Release|x64
		Release|x86 = Release|x86
	EndGlobalSection
	GlobalSection(ProjectConfigurationPlatforms) = postSolution
		{8AFCF331-C3E1-406C-BF21-4B6B590EBC32}.Debug|x64.ActiveCfg = Debug|x64
		{8AFCF331-C3E1-406C-BF21-4B6B590EBC32}.Debug|x64.Build.0 = Debug|x64
		{8AFCF331-C3E1-406C-BF21-4B6B590EBC32}.Debug|x86.ActiveCfg = Debug|Win32
		{8AFCF331-C3E1-406C-BF21-4B6B590EBC32}.Debug|x86.Build.0 = Debug|Win32
		{8AFCF331-C3E1-406C-BF21-4B6B590EBC32}.Release|x64.ActiveCfg = Release|x64
		{8AFCF331-C3E1-406C-BF21-4B6B590EBC32}.Release|x64.Build.0 = Release|x64
		{8AFCF331-C3E1-406C-BF21-4B6B590EBC32}.Release|x86.ActiveCfg = Release|Win32
		{8AFCF331-C3E1-406C-BF21-4B6B590EBC32}.Release|x86.Build.0 = Release|Win32
		{1E1C08E5-AC32-4DC0-A74E-ECB5EB997642}.Debug|x64.ActiveCfg = Debug|x64
		{1E1C08E5-AC32-4DC0-A74E-ECB5EB997642}.Debug|x64.Build.0 = Debug|x64
		{1E1C08E5-AC32-4DC0-A74E-ECB5EB997642}.Debug|x86.ActiveCfg = Debug|Win32
		{1E1C08E5-AC32-4DC0-A74E-ECB5EB997642}.Debug|x86.Build.0 = Debug|Win32
		{1E1C08E5-AC32-4DC0-A74E-ECB5EB997642}.Release|x64.ActiveCfg = Release|x64
		{1E1C08E5-AC32-4DC0-A74E-ECB5EB997642}.Release|x64.Build.0 = Release|x64
		{1E1C08E5-AC32-4DC0-A74E-ECB5EB997642}.Release|x86.ActiveCfg = Release|Win32
		{1E1C08E5-AC32-4DC0-A74E-ECB5EB997642}.Release|x86.Build.0 = Release|Win32
		{34F10C64-2CBE-42F8-9A0F-1C27DEA1A61E}.Debug|x64.ActiveCfg = Debug|x64
		{34F10C64-2CBE-42F8-9A0F-1C27DEA1A61E}.Debug|x64.Build.0 = Debug|x64
		{34F10C64-2CBE-42F8-9A0F-1C27DEA1A61E}.Debug|x86.ActiveCfg = Debug|Win32
		{34F10C64-2CBE-42F8-9A0F-1C27DEA1A61E}.Debug|x86.Build.0 = Debug|Win32
		{34F10C64-2CBE-42F8-9A0F-1C27DEA1A61E}.Release|x64.ActiveCfg = Release|x64
		{34F10C64-2CBE-42F8-9A0F-1C27DEA1A61E}.Release|x64.Build.0 = Release|x64
		{34F10C64-2CBE-42F8-9A0F-1C27DEA1A61E}.Release|x86.ActiveCfg = Release|Win32
		{34F10C64-2CBE-42F8-9A0F-1C27DEA1A61E}.Release|x86.Build.0 = Release|Win32
	EndGlobalSection
	GlobalSection(SolutionProperties) = preSolution
		HideSolutionNode = FALSE
	EndGlobalSection
	GlobalSection(ExtensibilityGlobals) = postSolution
		SolutionGuid = {8771BDB3-4815-4465-9A1D-751018EA1F67}
	EndGlobalSection
EndGlobal
